{
  "requires": true,
  "lockfileVersion": 1,
  "dependencies": {
    "csv-parser": {
      "version": "3.0.0",
      "resolved": "https://registry.npmjs.org/csv-parser/-/csv-parser-3.0.0.tgz",
      "integrity": "sha512-s6OYSXAK3IdKqYO33y09jhypG/bSDHPuyCme/IdEHfWpLf/jKcpitVFyOC6UemgGk8v7Q5u2XE0vvwmanxhGlQ==",
      "requires": {
        "minimist": "^1.2.0"
      }
    },
    "dref": {
      "version": "0.0.6",
      "resolved": "https://registry.npmjs.org/dref/-/dref-0.0.6.tgz",
      "integrity": "sha1-SOJllJNksDpBPLCdmXMo/P8rlmw=",
      "requires": {
        "dref": "0.0.x",
        "structr": "0.2.x",
        "type-component": "0.0.x"
      }
    },
    "get-stream": {
      "version": "6.0.0",
      "resolved": "https://registry.npmjs.org/get-stream/-/get-stream-6.0.0.tgz",
      "integrity": "sha512-A1B3Bh1UmL0bidM/YX2NsCOTnGJePL9rO/M+Mw3m9f2gUpfokS0hi5Eah0WSUEWZdZhIZtMjkIYS7mDfOqNHbg=="
    },
    "minimist": {
      "version": "1.2.5",
      "resolved": "https://registry.npmjs.org/minimist/-/minimist-1.2.5.tgz",
      "integrity": "sha512-FM9nNUYrRBAELZQT3xeZQ7fmMOBg6nWNmJKTcgsJeaLstP/UODVpGsr5OhXhhXg6f+qtJ8uiZ+PUxkDWcgIXLw=="
    },
    "neat-csv": {
      "version": "6.0.0",
      "resolved": "https://registry.npmjs.org/neat-csv/-/neat-csv-6.0.0.tgz",
      "integrity": "sha512-Nouw+x6hJzKAOvAevtYQ9QsG0EYHoKBz1H2rKxBj+vxiR9Ya27MXjjHKJ4txXF1T0x3CXuH5A9/5VDnd8MdJmg==",
      "requires": {
        "csv-parser": "^3.0.0",
        "get-stream": "^6.0.0",
        "to-readable-stream": "^2.1.0"
      }
    },
    "structr": {
      "version": "0.2.4",
      "resolved": "https://registry.npmjs.org/structr/-/structr-0.2.4.tgz",
      "integrity": "sha1-ihWqtQG8WTM/sdUpchvonxvD3JM="
    },
    "to-readable-stream": {
      "version": "2.1.0",
      "resolved": "https://registry.npmjs.org/to-readable-stream/-/to-readable-stream-2.1.0.tgz",
      "integrity": "sha512-o3Qa6DGg1CEXshSdvWNX2sN4QHqg03SPq7U6jPXRahlQdl5dK8oXjkU/2/sGrnOZKeGV1zLSO8qPwyKklPPE7w=="
    },
    "type-component": {
      "version": "0.0.1",
      "resolved": "https://registry.npmjs.org/type-component/-/type-component-0.0.1.tgz",
      "integrity": "sha1-lSpsgcIe/STRPYEdDISYy4YOGVY="
    }
  }
}
